{
  "name": "triton",
  "version": "1.0.1",
  "lockfileVersion": 2,
  "requires": true,
  "packages": {
    "": {
      "name": "triton",
      "version": "1.0.1",
      "license": "MPL-2.0",
      "dependencies": {
        "ramsey": "0.1.3"
      }
    },
    "node_modules/assert-plus": {
      "version": "0.1.2",
      "resolved": "https://registry.npmjs.org/assert-plus/-/assert-plus-0.1.2.tgz",
      "integrity": "sha512-BbJV8Hq6grYTokkHi/qKS34kfYIFYpu4wKd/H0dARsa6qOqEFH1wboxMwrccAmFjyRjkemjElaVC/sZSUMxHnA==",
      "engines": {
        "node": ">=0.6"
      }
    },
    "node_modules/dashdash": {
      "version": "1.4.0",
      "resolved": "https://registry.npmjs.org/dashdash/-/dashdash-1.4.0.tgz",
      "integrity": "sha512-ynmgu1n68eUh9gsE4cvf2lUgzhToVE0bNHmFyHPTu9FynEZhnd1LdS1Yi2sRL5RuwfYj6REdg2VsCROdjZxfBw==",
      "dependencies": {
        "assert-plus": "0.1.2"
      },
      "engines": {
        "node": ">=0.8"
      }
    },
    "node_modules/hogan.js": {
      "version": "2.0.0",
      "resolved": "https://registry.npmjs.org/hogan.js/-/hogan.js-2.0.0.tgz",
      "integrity": "sha512-urTqVvefaiu6ZqpIVQklkbu6tuqUQSv0pfgnG02ibeAC4ZFG0Rj2uDjH45eUcIEyLFjPsh1mxgeqd9BYldWrgg==",
      "bin": {
        "hulk": "bin/hulk"
      },
      "engines": {
        "node": "*"
      }
    },
    "node_modules/ramsey": {
      "version": "0.1.3",
      "resolved": "https://registry.npmjs.org/ramsey/-/ramsey-0.1.3.tgz",
      "integrity": "sha512-6Qi87mFcxxOztgy4+Hsuom41pTWgoHo9RZA/1SFJ/y7q/xSID6s65EfXk3/Sv9aQ7pHG87jpzv6y3vnMIQfHYA==",
      "dependencies": {
        "dashdash": "1.4.0",
        "hogan.js": "2.0.0"
      },
      "bin": {
        "ramsey": "bin/ramsey"
      },
      "engines": {
        "node": ">=0.6"
      }
    }
  },
  "dependencies": {
    "assert-plus": {
      "version": "0.1.2",
      "resolved": "https://registry.npmjs.org/assert-plus/-/assert-plus-0.1.2.tgz",
      "integrity": "sha512-BbJV8Hq6grYTokkHi/qKS34kfYIFYpu4wKd/H0dARsa6qOqEFH1wboxMwrccAmFjyRjkemjElaVC/sZSUMxHnA=="
    },
    "dashdash": {
      "version": "1.4.0",
      "resolved": "https://registry.npmjs.org/dashdash/-/dashdash-1.4.0.tgz",
      "integrity": "sha512-ynmgu1n68eUh9gsE4cvf2lUgzhToVE0bNHmFyHPTu9FynEZhnd1LdS1Yi2sRL5RuwfYj6REdg2VsCROdjZxfBw==",
      "requires": {
        "assert-plus": "0.1.2"
      }
    },
    "hogan.js": {
      "version": "2.0.0",
      "resolved": "https://registry.npmjs.org/hogan.js/-/hogan.js-2.0.0.tgz",
      "integrity": "sha512-urTqVvefaiu6ZqpIVQklkbu6tuqUQSv0pfgnG02ibeAC4ZFG0Rj2uDjH45eUcIEyLFjPsh1mxgeqd9BYldWrgg=="
    },
    "ramsey": {
      "version": "0.1.3",
      "resolved": "https://registry.npmjs.org/ramsey/-/ramsey-0.1.3.tgz",
      "integrity": "sha512-6Qi87mFcxxOztgy4+Hsuom41pTWgoHo9RZA/1SFJ/y7q/xSID6s65EfXk3/Sv9aQ7pHG87jpzv6y3vnMIQfHYA==",
      "requires": {
        "dashdash": "1.4.0",
        "hogan.js": "2.0.0"
      }
    }
  }
}
